
Microsoft Visual Studio Solution File, Format Version 12.00
# Visual Studio Version 17
VisualStudioVersion = 17.6.33723.286
MinimumVisualStudioVersion = 10.0.40219.1
Project("{FAE04EC0-301F-11D3-BF4B-00C04F79EFBC}") = "TheGame", "LightFramework\TheGame.csproj", "{F62F4938-6F09-4AE8-86A3-7DAB9CE7958D}"
EndProject
Project("{9A19103F-16F7-4668-BE54-9A1E7A4F7556}") = "GameFramework", "GameFramework\GameFramework.csproj", "{1DD3DF68-C786-4104-AB75-72A0B01BD6D7}"
EndProject
Global
	GlobalSection(SolutionConfigurationPlatforms) = preSolution
		Debug|Any CPU = Debug|Any CPU
		Release|Any CPU = Release|Any CPU
	EndGlobalSection
	GlobalSection(ProjectConfigurationPlatforms) = postSolution
		{F62F4938-6F09-4AE8-86A3-7DAB9CE7958D}.Debug|Any CPU.ActiveCfg = Debug|Any CPU
		{F62F4938-6F09-4AE8-86A3-7DAB9CE7958D}.Debug|Any CPU.Build.0 = Debug|Any CPU
		{F62F4938-6F09-4AE8-86A3-7DAB9CE7958D}.Release|Any CPU.ActiveCfg = Release|Any CPU
		{F62F4938-6F09-4AE8-86A3-7DAB9CE7958D}.Release|Any CPU.Build.0 = Release|Any CPU
		{1DD3DF68-C786-4104-AB75-72A0B01BD6D7}.Debug|Any CPU.ActiveCfg = Debug|Any CPU
		{1DD3DF68-C786-4104-AB75-72A0B01BD6D7}.Debug|Any CPU.Build.0 = Debug|Any CPU
		{1DD3DF68-C786-4104-AB75-72A0B01BD6D7}.Release|Any CPU.ActiveCfg = Release|Any CPU
		{1DD3DF68-C786-4104-AB75-72A0B01BD6D7}.Release|Any CPU.Build.0 = Release|Any CPU
	EndGlobalSection
	GlobalSection(SolutionProperties) = preSolution
		HideSolutionNode = FALSE
	EndGlobalSection
	GlobalSection(ExtensibilityGlobals) = postSolution
		SolutionGuid = {E5DBE0C4-74FB-428B-901C-9A56DD7C8E42}
	EndGlobalSection
EndGlobal
